
Microsoft Visual Studio Solution File, Format Version 12.00
# Visual Studio Version 16
VisualStudioVersion = 16.0.29009.5
MinimumVisualStudioVersion = 10.0.40219.1
Project("{9A19103F-16F7-4668-BE54-9A1E7A4F7556}") = "FunctionAppDi", "FunctionAppDi\FunctionAppDi.csproj", "{58721AF8-D750-4708-83B9-279777A9446E}"
EndProject
Project("{FAE04EC0-301F-11D3-BF4B-00C04F79EFBC}") = "Di.Lib", "Di.Lib\Di.Lib.csproj", "{3421644C-145B-46F6-8FBD-9E0F0C35AA52}"
EndProject
Global
	GlobalSection(SolutionConfigurationPlatforms) = preSolution
		Debug|Any CPU = Debug|Any CPU
		Release|Any CPU = Release|Any CPU
	EndGlobalSection
	GlobalSection(ProjectConfigurationPlatforms) = postSolution
		{58721AF8-D750-4708-83B9-279777A9446E}.Debug|Any CPU.ActiveCfg = Debug|Any CPU
		{58721AF8-D750-4708-83B9-279777A9446E}.Debug|Any CPU.Build.0 = Debug|Any CPU
		{58721AF8-D750-4708-83B9-279777A9446E}.Release|Any CPU.ActiveCfg = Release|Any CPU
		{58721AF8-D750-4708-83B9-279777A9446E}.Release|Any CPU.Build.0 = Release|Any CPU
		{3421644C-145B-46F6-8FBD-9E0F0C35AA52}.Debug|Any CPU.ActiveCfg = Debug|Any CPU
		{3421644C-145B-46F6-8FBD-9E0F0C35AA52}.Debug|Any CPU.Build.0 = Debug|Any CPU
		{3421644C-145B-46F6-8FBD-9E0F0C35AA52}.Release|Any CPU.ActiveCfg = Release|Any CPU
		{3421644C-145B-46F6-8FBD-9E0F0C35AA52}.Release|Any CPU.Build.0 = Release|Any CPU
	EndGlobalSection
	GlobalSection(SolutionProperties) = preSolution
		HideSolutionNode = FALSE
	EndGlobalSection
	GlobalSection(ExtensibilityGlobals) = postSolution
		SolutionGuid = {D6E17A23-D528-4046-931A-B831E8BAF538}
	EndGlobalSection
EndGlobal
